{
  "name": "practical-prose",
  "version": "0.0.0",
  "lockfileVersion": 3,
  "requires": true,
  "packages": {
    "": {
      "name": "practical-prose",
      "version": "0.0.0",
      "devDependencies": {
        "@biomejs/biome": "2.4.14",
        "lefthook": "2.1.5"
      }
    },
    "node_modules/@biomejs/biome": {
      "version": "2.4.14",
      "resolved": "https://registry.npmjs.org/@biomejs/biome/-/biome-2.4.14.tgz",
      "integrity": "sha512-TmAvxOEgrpLypzVGJ8FulIZnlyA9TxrO1hyqYrCz9r+bwma9xXxuLA5IuYnj55XQneFx460KjRbx6SWGLkg3bQ==",
      "dev": true,
      "license": "MIT OR Apache-2.0",
      "bin": {
        "biome": "bin/biome"
      },
      "engines": {
        "node": ">=14.21.3"
      },
      "funding": {
        "type": "opencollective",
        "url": "https://opencollective.com/biome"
      },
      "optionalDependencies": {
        "@biomejs/cli-darwin-arm64": "2.4.14",
        "@biomejs/cli-darwin-x64": "2.4.14",
        "@biomejs/cli-linux-arm64": "2.4.14",
        "@biomejs/cli-linux-arm64-musl": "2.4.14",
        "@biomejs/cli-linux-x64": "2.4.14",
        "@biomejs/cli-linux-x64-musl": "2.4.14",
        "@biomejs/cli-win32-arm64": "2.4.14",
        "@biomejs/cli-win32-x64": "2.4.14"
      }
    },
    "node_modules/@biomejs/cli-darwin-arm64": {
      "version": "2.4.14",
      "resolved": "https://registry.npmjs.org/@biomejs/cli-darwin-arm64/-/cli-darwin-arm64-2.4.14.tgz",
      "integrity": "sha512-XvgoE9XOawUOQPdmvs4J7wPhi/DLwSCGks3AlPJDmh34O0awRTqCED1HRcRDdpf1Zrp4us4MGOOdIxNpbqNF5Q==",
      "cpu": [
        "arm64"
      ],
      "dev": true,
      "license": "MIT OR Apache-2.0",
      "optional": true,
      "os": [
        "darwin"
      ],
      "engines": {
        "node": ">=14.21.3"
      }
    },
    "node_modules/@biomejs/cli-darwin-x64": {
      "version": "2.4.14",
      "resolved": "https://registry.npmjs.org/@biomejs/cli-darwin-x64/-/cli-darwin-x64-2.4.14.tgz",
      "integrity": "sha512-jE7hKBCFhOx3uUh+ZkWBfOHxAcILPfhFplNkuID/eZeSTLHzfZzoZxW8fbqY9xXRnPi7jGNAf1iPVR+0yWsM/Q==",
      "cpu": [
        "x64"
      ],
      "dev": true,
      "license": "MIT OR Apache-2.0",
      "optional": true,
      "os": [
        "darwin"
      ],
      "engines": {
        "node": ">=14.21.3"
      }
    },
    "node_modules/@biomejs/cli-linux-arm64": {
      "version": "2.4.14",
      "resolved": "https://registry.npmjs.org/@biomejs/cli-linux-arm64/-/cli-linux-arm64-2.4.14.tgz",
      "integrity": "sha512-2TELhZnW5RSLL063l9rc5xLpA0ZIw0Ccwy/0q384rvNAgFw3yI76bd59547yxowdQr5MNPET/xDLrLuvgSeeWQ==",
      "cpu": [
        "arm64"
      ],
      "dev": true,
      "license": "MIT OR Apache-2.0",
      "optional": true,
      "os": [
        "linux"
      ],
      "engines": {
        "node": ">=14.21.3"
      }
    },
    "node_modules/@biomejs/cli-linux-arm64-musl": {
      "version": "2.4.14",
      "resolved": "https://registry.npmjs.org/@biomejs/cli-linux-arm64-musl/-/cli-linux-arm64-musl-2.4.14.tgz",
      "integrity": "sha512-/z+6gqAqqUQTHazwStxSXKHg9b8UvqBmDFRp+c4wYbq2KXhELQDon9EoC9RpmQ8JWkqQx/lIUy/cs+MhzDZp6A==",
      "cpu": [
        "arm64"
      ],
      "dev": true,
      "license": "MIT OR Apache-2.0",
      "optional": true,
      "os": [
        "linux"
      ],
      "engines": {
        "node": ">=14.21.3"
      }
    },
    "node_modules/@biomejs/cli-linux-x64": {
      "version": "2.4.14",
      "resolved": "https://registry.npmjs.org/@biomejs/cli-linux-x64/-/cli-linux-x64-2.4.14.tgz",
      "integrity": "sha512-zHrlQZDBDUz4OLAraYpWKcnLS6HOewBFWYOzY91d1ZjdqZwibOyb6BEu6WuWLugyo0P3riCmsbV9UqV1cSXwQg==",
      "cpu": [
        "x64"
      ],
      "dev": true,
      "license": "MIT OR Apache-2.0",
      "optional": true,
      "os": [
        "linux"
      ],
      "engines": {
        "node": ">=14.21.3"
      }
    },
    "node_modules/@biomejs/cli-linux-x64-musl": {
      "version": "2.4.14",
      "resolved": "https://registry.npmjs.org/@biomejs/cli-linux-x64-musl/-/cli-linux-x64-musl-2.4.14.tgz",
      "integrity": "sha512-R6BWgJdQOwW9ulJatuTVrQkjnODjqHZkKNOqb1sz++3Noe5LYd0i3PchnOBUCYAPHoPWHhjJqbdZlHEu0hpjdA==",
      "cpu": [
        "x64"
      ],
      "dev": true,
      "license": "MIT OR Apache-2.0",
      "optional": true,
      "os": [
        "linux"
      ],
      "engines": {
        "node": ">=14.21.3"
      }
    },
    "node_modules/@biomejs/cli-win32-arm64": {
      "version": "2.4.14",
      "resolved": "https://registry.npmjs.org/@biomejs/cli-win32-arm64/-/cli-win32-arm64-2.4.14.tgz",
      "integrity": "sha512-M3EH5hqOI/F/FUA2u4xcLoUgmxd218mvuj/6JL7Hv2toQvr2/AdOvKSpGkoRuWFCtQPVa+ZqkEV3Q5xBA9+XSA==",
      "cpu": [
        "arm64"
      ],
      "dev": true,
      "license": "MIT OR Apache-2.0",
      "optional": true,
      "os": [
        "win32"
      ],
      "engines": {
        "node": ">=14.21.3"
      }
    },
    "node_modules/@biomejs/cli-win32-x64": {
      "version": "2.4.14",
      "resolved": "https://registry.npmjs.org/@biomejs/cli-win32-x64/-/cli-win32-x64-2.4.14.tgz",
      "integrity": "sha512-WL0EG5qE+EAKomGXbf2g6VnSKJhTL3tXC0QRzWRwA5VpjxNYa6H4P7ZWfymbGE4IhZZQi1KXQ2R0YjwInmz2fA==",
      "cpu": [
        "x64"
      ],
      "dev": true,
      "license": "MIT OR Apache-2.0",
      "optional": true,
      "os": [
        "win32"
      ],
      "engines": {
        "node": ">=14.21.3"
      }
    },
    "node_modules/lefthook": {
      "version": "2.1.5",
      "resolved": "https://registry.npmjs.org/lefthook/-/lefthook-2.1.5.tgz",
      "integrity": "sha512-yB9IFWurFllusbPZqvG0EavTmpNXPya2MuO7Li7YT78xAj3uCQ3AgmW9TVUbTTsSMhsegbiAMRpwfEk2TP1P0A==",
      "dev": true,
      "hasInstallScript": true,
      "license": "MIT",
      "bin": {
        "lefthook": "bin/index.js"
      },
      "optionalDependencies": {
        "lefthook-darwin-arm64": "2.1.5",
        "lefthook-darwin-x64": "2.1.5",
        "lefthook-freebsd-arm64": "2.1.5",
        "lefthook-freebsd-x64": "2.1.5",
        "lefthook-linux-arm64": "2.1.5",
        "lefthook-linux-x64": "2.1.5",
        "lefthook-openbsd-arm64": "2.1.5",
        "lefthook-openbsd-x64": "2.1.5",
        "lefthook-windows-arm64": "2.1.5",
        "lefthook-windows-x64": "2.1.5"
      }
    },
    "node_modules/lefthook-darwin-arm64": {
      "version": "2.1.5",
      "resolved": "https://registry.npmjs.org/lefthook-darwin-arm64/-/lefthook-darwin-arm64-2.1.5.tgz",
      "integrity": "sha512-VITTaw8PxxyE26gkZ8UcwIa5ZrWnKNRGLeeSrqri40cQdXvLTEoMq2tjjw7eiL9UcB0waRReDdzydevy9GOPUQ==",
      "cpu": [
        "arm64"
      ],
      "dev": true,
      "license": "MIT",
      "optional": true,
      "os": [
        "darwin"
      ]
    },
    "node_modules/lefthook-darwin-x64": {
      "version": "2.1.5",
      "resolved": "https://registry.npmjs.org/lefthook-darwin-x64/-/lefthook-darwin-x64-2.1.5.tgz",
      "integrity": "sha512-AvtjYiW0BSGHBGrdvL313seUymrW9FxI+6JJwJ+ZSaa2sH81etrTB0wAwlH1L9VfFwK9+gWvatZBvLfF3L4fPw==",
      "cpu": [
        "x64"
      ],
      "dev": true,
      "license": "MIT",
      "optional": true,
      "os": [
        "darwin"
      ]
    },
    "node_modules/lefthook-freebsd-arm64": {
      "version": "2.1.5",
      "resolved": "https://registry.npmjs.org/lefthook-freebsd-arm64/-/lefthook-freebsd-arm64-2.1.5.tgz",
      "integrity": "sha512-mXjJwe8jKGWGiBYUxfQY1ab3Nn5NhafqT9q3KJz8m5joGGQj4JD0cbWxF1nVBLBWsDGbWZRZunTCMGcIScT2bQ==",
      "cpu": [
        "arm64"
      ],
      "dev": true,
      "license": "MIT",
      "optional": true,
      "os": [
        "freebsd"
      ]
    },
    "node_modules/lefthook-freebsd-x64": {
      "version": "2.1.5",
      "resolved": "https://registry.npmjs.org/lefthook-freebsd-x64/-/lefthook-freebsd-x64-2.1.5.tgz",
      "integrity": "sha512-exD69dCjc1K45BxatDPGoH4NmEvgLKPm4kJLOWn1fTeHRKZwWiFPwnjknEoG2OemlCDHmCU++5X40kMEG0WBlA==",
      "cpu": [
        "x64"
      ],
      "dev": true,
      "license": "MIT",
      "optional": true,
      "os": [
        "freebsd"
      ]
    },
    "node_modules/lefthook-linux-arm64": {
      "version": "2.1.5",
      "resolved": "https://registry.npmjs.org/lefthook-linux-arm64/-/lefthook-linux-arm64-2.1.5.tgz",
      "integrity": "sha512-57TDKC5ewWpsCLZQKIJMHumFEObYKVundmPpiWhX491hINRZYYOL/26yrnVnNcidThRzTiTC+HLcuplLcaXtbA==",
      "cpu": [
        "arm64"
      ],
      "dev": true,
      "license": "MIT",
      "optional": true,
      "os": [
        "linux"
      ]
    },
    "node_modules/lefthook-linux-x64": {
      "version": "2.1.5",
      "resolved": "https://registry.npmjs.org/lefthook-linux-x64/-/lefthook-linux-x64-2.1.5.tgz",
      "integrity": "sha512-bqK3LrAB5l5YaCaoHk6qRWlITrGWzP4FbwRxA31elbxjd0wgNWZ2Sn3zEfSEcxz442g7/PPkEwqqsTx0kSFzpg==",
      "cpu": [
        "x64"
      ],
      "dev": true,
      "license": "MIT",
      "optional": true,
      "os": [
        "linux"
      ]
    },
    "node_modules/lefthook-openbsd-arm64": {
      "version": "2.1.5",
      "resolved": "https://registry.npmjs.org/lefthook-openbsd-arm64/-/lefthook-openbsd-arm64-2.1.5.tgz",
      "integrity": "sha512-5aSwK7vV3A6t0w9PnxCMiVjQlcvopBP50BtmnnLnNJyAYHnFbZ0Baq5M0WkE9IsUkWSux0fe6fd0jDkuG711MA==",
      "cpu": [
        "arm64"
      ],
      "dev": true,
      "license": "MIT",
      "optional": true,
      "os": [
        "openbsd"
      ]
    },
    "node_modules/lefthook-openbsd-x64": {
      "version": "2.1.5",
      "resolved": "https://registry.npmjs.org/lefthook-openbsd-x64/-/lefthook-openbsd-x64-2.1.5.tgz",
      "integrity": "sha512-Y+pPdDuENJ8qWnUgL02xxhpjblc0WnwXvWGfqnl3WZrAgHzQpwx3G6469RID/wlNVdHYAlw3a8UkFSMYsTzXvA==",
      "cpu": [
        "x64"
      ],
      "dev": true,
      "license": "MIT",
      "optional": true,
      "os": [
        "openbsd"
      ]
    },
    "node_modules/lefthook-windows-arm64": {
      "version": "2.1.5",
      "resolved": "https://registry.npmjs.org/lefthook-windows-arm64/-/lefthook-windows-arm64-2.1.5.tgz",
      "integrity": "sha512-2PlcFBjTzJaMufw0c28kfhB/0zmaRCU0TRPPsil/HU2YNOExod4upPGLk9qjgsOmb2YVWFz6zq6u7+D1yqmzTQ==",
      "cpu": [
        "arm64"
      ],
      "dev": true,
      "license": "MIT",
      "optional": true,
      "os": [
        "win32"
      ]
    },
    "node_modules/lefthook-windows-x64": {
      "version": "2.1.5",
      "resolved": "https://registry.npmjs.org/lefthook-windows-x64/-/lefthook-windows-x64-2.1.5.tgz",
      "integrity": "sha512-yiAh8qxml6uqy10jDxOdN9fOQpyLxBFY1fgCEAhn7sVJYmJKRhjqSBwZX6LG5MQjzr29KStrIdw7TR3lf3rT7Q==",
      "cpu": [
        "x64"
      ],
      "dev": true,
      "license": "MIT",
      "optional": true,
      "os": [
        "win32"
      ]
    }
  }
}
